{
  "name": "quickped",
  "version": "1.0.0",
  "lockfileVersion": 3,
  "requires": true,
  "packages": {
    "": {
      "name": "quickped",
      "version": "1.0.0",
      "license": "ISC",
      "dependencies": {
        "decomment": "^0.9.5"
      }
    },
    "node_modules/decomment": {
      "version": "0.9.5",
      "resolved": "https://registry.npmjs.org/decomment/-/decomment-0.9.5.tgz",
      "integrity": "sha512-h0TZ8t6Dp49duwyDHo3iw67mnh9/UpFiSSiOb5gDK1sqoXzrfX/SQxIUQd2R2QEiSnqib0KF2fnKnGfAhAs6lg==",
      "dependencies": {
        "esprima": "4.0.1"
      },
      "engines": {
        "node": ">=6.4",
        "npm": ">=2.15"
      }
    },
    "node_modules/esprima": {
      "version": "4.0.1",
      "resolved": "https://registry.npmjs.org/esprima/-/esprima-4.0.1.tgz",
      "integrity": "sha512-eGuFFw7Upda+g4p+QHvnW0RyTX/SVeJBDM/gCtMARO0cLuT2HcEKnTPvhjV6aGeqrCB/sbNop0Kszm0jsaWU4A==",
      "bin": {
        "esparse": "bin/esparse.js",
        "esvalidate": "bin/esvalidate.js"
      },
      "engines": {
        "node": ">=4"
      }
    }
  }
}
